{"version":4,"terraform_version":"1.11.5","serial":9,"lineage":"bef13ef1-6439-b40a-0cf2-dd81fa800d19","outputs":{"ansible_storage_setup":{"value":"cd ../ansible \u0026\u0026 ansible-playbook -i inventory.yml playbooks/configure-proxmox.yml\n","type":"string"},"nfs_shares":{"value":{"mac_workspace":{"access":"192.168.0.0/24","description":"Mac 10GbE workspace storage (NVMe-backed)","path":"/tank-vms/mac-workspace"},"media_data":{"access":"192.168.0.0/24","description":"Media storage for VMs (HDD RAIDZ1)","path":"/tank-media/data"}},"type":["object",{"mac_workspace":["object",{"access":"string","description":"string","path":"string"}],"media_data":["object",{"access":"string","description":"string","path":"string"}]}]}},"resources":[{"mode":"managed","type":"proxmox_virtual_environment_vm","name":"custom_workloads","provider":"provider[\"registry.opentofu.org/bpg/proxmox\"]","instances":[{"schema_version":0,"attributes":{"acpi":true,"agent":[{"enabled":true,"timeout":"15m","trim":false,"type":"virtio","wait_for_ip":[]}],"amd_sev":[],"audio_device":[],"bios":"seabios","boot_order":["scsi0"],"cdrom":[],"clone":[],"cpu":[{"affinity":"","architecture":"","cores":4,"flags":[],"hotplugged":0,"limit":0,"numa":false,"sockets":1,"type":"qemu64","units":0}],"delete_unreferenced_disks_on_destroy":true,"description":"","disk":[{"aio":"io_uring","backup":true,"cache":"none","datastore_id":"tank-vms","discard":"ignore","file_format":"raw","file_id":"","import_from":"","interface":"scsi0","iothread":false,"path_in_datastore":"vm-102-disk-0","replicate":true,"serial":"","size":64,"speed":[],"ssd":false}],"efi_disk":[],"hook_script_file_id":null,"hostpci":[],"hotplug":null,"id":"102","initialization":[{"datastore_id":"tank-vms","dns":[],"file_format":"","interface":"ide2","ip_config":[{"ipv4":[{"address":"dhcp","gateway":""}],"ipv6":[]}],"meta_data_file_id":"","network_data_file_id":"","type":"","user_account":[{"keys":["ssh-ed25519 AAAAC3NzaC1lZDI1NTE5AAAAIJx8wg+9mULtkH3ZgSIoF/GWaIIUNHslkWeo0bukAwuT skalskimarcin33@gmail.com"],"password":"","username":"root"}],"user_data_file_id":"","vendor_data_file_id":""}],"ipv4_addresses":[["127.0.0.1"],["192.168.20.106"]],"ipv6_addresses":[["::1"],["fe80::be24:11ff:feaa:42b2"]],"keyboard_layout":"en-us","kvm_arguments":"","mac_addresses":["00:00:00:00:00:00","BC:24:11:AA:42:B2"],"machine":"","memory":[{"dedicated":28672,"floating":0,"hugepages":"","keep_hugepages":false,"shared":0}],"migrate":false,"name":"custom-workloads","network_device":[{"bridge":"vmbr0","disconnected":false,"enabled":true,"firewall":false,"mac_address":"BC:24:11:AA:42:B2","model":"virtio","mtu":0,"queues":0,"rate_limit":0,"trunks":"","vlan_id":20}],"network_interface_names":["lo","eth0"],"node_name":"pve","numa":[],"on_boot":true,"operating_system":[],"pool_id":"","protection":false,"purge_on_destroy":true,"reboot":false,"reboot_after_update":true,"rng":[],"scsi_hardware":"virtio-scsi-pci","serial_device":[],"smbios":[],"started":true,"startup":[],"stop_on_destroy":false,"tablet_device":true,"tags":[],"template":false,"timeout_clone":1800,"timeout_create":1800,"timeout_migrate":1800,"timeout_move_disk":1800,"timeout_reboot":1800,"timeout_shutdown_vm":1800,"timeout_start_vm":1800,"timeout_stop_vm":300,"tpm_state":[],"usb":[],"vga":[{"clipboard":"","memory":16,"type":"serial0"}],"virtiofs":[],"vm_id":102,"watchdog":[]},"sensitive_attributes":[[{"type":"get_attr","value":"initialization"},{"type":"index","value":{"value":0,"type":"number"}},{"type":"get_attr","value":"user_account"},{"type":"index","value":{"value":0,"type":"number"}},{"type":"get_attr","value":"password"}]],"private":"bnVsbA=="}]},{"mode":"managed","type":"proxmox_virtual_environment_vm","name":"infrastructure","provider":"provider[\"registry.opentofu.org/bpg/proxmox\"]","instances":[{"schema_version":0,"attributes":{"acpi":true,"agent":[{"enabled":true,"timeout":"15m","trim":false,"type":"virtio","wait_for_ip":[]}],"amd_sev":[],"audio_device":[],"bios":"seabios","boot_order":["scsi0"],"cdrom":[],"clone":[],"cpu":[{"affinity":"","architecture":"","cores":2,"flags":[],"hotplugged":0,"limit":0,"numa":false,"sockets":1,"type":"qemu64","units":0}],"delete_unreferenced_disks_on_destroy":true,"description":"","disk":[{"aio":"io_uring","backup":true,"cache":"none","datastore_id":"tank-vms","discard":"ignore","file_format":"raw","file_id":"","import_from":"","interface":"scsi0","iothread":false,"path_in_datastore":"vm-101-disk-0","replicate":true,"serial":"","size":16,"speed":[],"ssd":false}],"efi_disk":[],"hook_script_file_id":null,"hostpci":[],"hotplug":null,"id":"101","initialization":[{"datastore_id":"tank-vms","dns":[],"file_format":"","interface":"ide2","ip_config":[{"ipv4":[{"address":"dhcp","gateway":""}],"ipv6":[]}],"meta_data_file_id":"","network_data_file_id":"","type":"","user_account":[{"keys":["ssh-ed25519 AAAAC3NzaC1lZDI1NTE5AAAAIJx8wg+9mULtkH3ZgSIoF/GWaIIUNHslkWeo0bukAwuT skalskimarcin33@gmail.com"],"password":"","username":"root"}],"user_data_file_id":"","vendor_data_file_id":""}],"ipv4_addresses":[["127.0.0.1"],["192.168.10.222"],[]],"ipv6_addresses":[["::1"],["fe80::be24:11ff:fe59:c14f"],[]],"keyboard_layout":"en-us","kvm_arguments":"","mac_addresses":["00:00:00:00:00:00","BC:24:11:59:C1:4F","BC:24:11:A9:20:0A"],"machine":"","memory":[{"dedicated":4096,"floating":0,"hugepages":"","keep_hugepages":false,"shared":0}],"migrate":false,"name":"infrastructure","network_device":[{"bridge":"vmbr0","disconnected":false,"enabled":true,"firewall":false,"mac_address":"BC:24:11:59:C1:4F","model":"virtio","mtu":0,"queues":0,"rate_limit":0,"trunks":"","vlan_id":10},{"bridge":"vmbr0","disconnected":false,"enabled":true,"firewall":false,"mac_address":"BC:24:11:A9:20:0A","model":"virtio","mtu":0,"queues":0,"rate_limit":0,"trunks":"","vlan_id":30}],"network_interface_names":["lo","eth0","ens19"],"node_name":"pve","numa":[],"on_boot":true,"operating_system":[],"pool_id":"","protection":false,"purge_on_destroy":true,"reboot":false,"reboot_after_update":true,"rng":[],"scsi_hardware":"virtio-scsi-pci","serial_device":[],"smbios":[],"started":true,"startup":[],"stop_on_destroy":false,"tablet_device":true,"tags":[],"template":false,"timeout_clone":1800,"timeout_create":1800,"timeout_migrate":1800,"timeout_move_disk":1800,"timeout_reboot":1800,"timeout_shutdown_vm":1800,"timeout_start_vm":1800,"timeout_stop_vm":300,"tpm_state":[],"usb":[],"vga":[{"clipboard":"","memory":16,"type":"serial0"}],"virtiofs":[],"vm_id":101,"watchdog":[]},"sensitive_attributes":[[{"type":"get_attr","value":"initialization"},{"type":"index","value":{"value":0,"type":"number"}},{"type":"get_attr","value":"user_account"},{"type":"index","value":{"value":0,"type":"number"}},{"type":"get_attr","value":"password"}]],"private":"bnVsbA=="}]},{"mode":"managed","type":"proxmox_virtual_environment_vm","name":"media_services","provider":"provider[\"registry.opentofu.org/bpg/proxmox\"]","instances":[{"schema_version":0,"attributes":{"acpi":true,"agent":[{"enabled":true,"timeout":"15m","trim":false,"type":"virtio","wait_for_ip":[]}],"amd_sev":[],"audio_device":[],"bios":"seabios","boot_order":["scsi0"],"cdrom":[],"clone":[],"cpu":[{"affinity":"","architecture":"","cores":6,"flags":[],"hotplugged":0,"limit":0,"numa":false,"sockets":1,"type":"qemu64","units":0}],"delete_unreferenced_disks_on_destroy":true,"description":"","disk":[{"aio":"io_uring","backup":true,"cache":"none","datastore_id":"tank-vms","discard":"ignore","file_format":"raw","file_id":"","import_from":"","interface":"scsi0","iothread":false,"path_in_datastore":"vm-100-disk-0","replicate":true,"serial":"","size":32,"speed":[],"ssd":false}],"efi_disk":[],"hook_script_file_id":null,"hostpci":[{"device":"hostpci0","id":"0000:01:00.0","mapping":"","mdev":"","pcie":true,"rom_file":"","rombar":false,"xvga":false}],"hotplug":null,"id":"100","initialization":[{"datastore_id":"tank-vms","dns":[],"file_format":"","interface":"ide2","ip_config":[{"ipv4":[{"address":"dhcp","gateway":""}],"ipv6":[]}],"meta_data_file_id":"","network_data_file_id":"","type":"","user_account":[{"keys":["ssh-ed25519 AAAAC3NzaC1lZDI1NTE5AAAAIJx8wg+9mULtkH3ZgSIoF/GWaIIUNHslkWeo0bukAwuT skalskimarcin33@gmail.com"],"password":"","username":"root"}],"user_data_file_id":"","vendor_data_file_id":""}],"ipv4_addresses":[["127.0.0.1"],["192.168.20.247"],[]],"ipv6_addresses":[["::1"],["fe80::be24:11ff:fedb:5036"],[]],"keyboard_layout":"en-us","kvm_arguments":"","mac_addresses":["00:00:00:00:00:00","BC:24:11:DB:50:36","BC:24:11:F9:F7:79"],"machine":"q35","memory":[{"dedicated":20480,"floating":0,"hugepages":"","keep_hugepages":false,"shared":0}],"migrate":false,"name":"media-services","network_device":[{"bridge":"vmbr0","disconnected":false,"enabled":true,"firewall":false,"mac_address":"BC:24:11:DB:50:36","model":"virtio","mtu":0,"queues":0,"rate_limit":0,"trunks":"","vlan_id":20},{"bridge":"vmbr0","disconnected":false,"enabled":true,"firewall":false,"mac_address":"BC:24:11:F9:F7:79","model":"virtio","mtu":0,"queues":0,"rate_limit":0,"trunks":"","vlan_id":40}],"network_interface_names":["lo","eth0","enp6s19"],"node_name":"pve","numa":[],"on_boot":true,"operating_system":[],"pool_id":"","protection":false,"purge_on_destroy":true,"reboot":false,"reboot_after_update":true,"rng":[],"scsi_hardware":"virtio-scsi-pci","serial_device":[],"smbios":[],"started":true,"startup":[],"stop_on_destroy":false,"tablet_device":true,"tags":[],"template":false,"timeout_clone":1800,"timeout_create":1800,"timeout_migrate":1800,"timeout_move_disk":1800,"timeout_reboot":1800,"timeout_shutdown_vm":1800,"timeout_start_vm":1800,"timeout_stop_vm":300,"tpm_state":[],"usb":[],"vga":[{"clipboard":"","memory":16,"type":"serial0"}],"virtiofs":[],"vm_id":100,"watchdog":[]},"sensitive_attributes":[[{"type":"get_attr","value":"initialization"},{"type":"index","value":{"value":0,"type":"number"}},{"type":"get_attr","value":"user_account"},{"type":"index","value":{"value":0,"type":"number"}},{"type":"get_attr","value":"password"}]],"private":"bnVsbA=="}]}],"check_results":null}
